{
  "name": "piles",
  "version": "1.2.0",
  "lockfileVersion": 1,
  "requires": true,
  "dependencies": {
    "fast-safe-stringify": {
      "version": "1.2.1",
      "resolved": "https://registry.npmjs.org/fast-safe-stringify/-/fast-safe-stringify-1.2.1.tgz",
      "integrity": "sha512-g2UqeO0yyYjTSpiH4zJQk+IycRxyYRABjSf+TpmeMOn9uByzFIoX0y/HnweCFhKb+uuPwjIvqXuK/LTteEBhow=="
    }
  }
}
